
Microsoft Visual Studio Solution File, Format Version 12.00
# Visual Studio 15
VisualStudioVersion = 15.0.27428.2015
MinimumVisualStudioVersion = 10.0.40219.1
Project("{FAE04EC0-301F-11D3-BF4B-00C04F79EFBC}") = "MVCCodeGenerator", "MVCCodeGenerator\MVCCodeGenerator.csproj", "{800CB818-6174-4E82-974F-68F095B30E16}"
EndProject
Global
	GlobalSection(SolutionConfigurationPlatforms) = preSolution
		Debug|Any CPU = Debug|Any CPU
		Release|Any CPU = Release|Any CPU
	EndGlobalSection
	GlobalSection(ProjectConfigurationPlatforms) = postSolution
		{800CB818-6174-4E82-974F-68F095B30E16}.Debug|Any CPU.ActiveCfg = Debug|Any CPU
		{800CB818-6174-4E82-974F-68F095B30E16}.Debug|Any CPU.Build.0 = Debug|Any CPU
		{800CB818-6174-4E82-974F-68F095B30E16}.Release|Any CPU.ActiveCfg = Release|Any CPU
		{800CB818-6174-4E82-974F-68F095B30E16}.Release|Any CPU.Build.0 = Release|Any CPU
	EndGlobalSection
	GlobalSection(SolutionProperties) = preSolution
		HideSolutionNode = FALSE
	EndGlobalSection
	GlobalSection(ExtensibilityGlobals) = postSolution
		SolutionGuid = {DA2CD527-124C-4693-8848-4747A3B9F2E6}
	EndGlobalSection
EndGlobal
